
Microsoft Visual Studio Solution File, Format Version 12.00
# Visual Studio Version 16
VisualStudioVersion = 16.0.28803.202
MinimumVisualStudioVersion = 10.0.40219.1
Project("{FAE04EC0-301F-11D3-BF4B-00C04F79EFBC}") = "RobocopyErrors", "RobocopyErrors\RobocopyErrors.csproj", "{735CC081-BE45-4667-8963-C0845F54CFD0}"
EndProject
Global
	GlobalSection(SolutionConfigurationPlatforms) = preSolution
		Debug|Any CPU = Debug|Any CPU
		Release|Any CPU = Release|Any CPU
	EndGlobalSection
	GlobalSection(ProjectConfigurationPlatforms) = postSolution
		{735CC081-BE45-4667-8963-C0845F54CFD0}.Debug|Any CPU.ActiveCfg = Debug|Any CPU
		{735CC081-BE45-4667-8963-C0845F54CFD0}.Debug|Any CPU.Build.0 = Debug|Any CPU
		{735CC081-BE45-4667-8963-C0845F54CFD0}.Release|Any CPU.ActiveCfg = Release|Any CPU
		{735CC081-BE45-4667-8963-C0845F54CFD0}.Release|Any CPU.Build.0 = Release|Any CPU
	EndGlobalSection
	GlobalSection(SolutionProperties) = preSolution
		HideSolutionNode = FALSE
	EndGlobalSection
	GlobalSection(ExtensibilityGlobals) = postSolution
		SolutionGuid = {B54EF861-56E4-4EE0-9CF8-DB6901A00720}
	EndGlobalSection
EndGlobal
